
Microsoft Visual Studio Solution File, Format Version 12.00
# Visual Studio Version 17
VisualStudioVersion = 17.3.32804.467
MinimumVisualStudioVersion = 10.0.40219.1
Project("{9A19103F-16F7-4668-BE54-9A1E7A4F7556}") = "Discom.UP.Backend.UpDash", "Discom.UP.Backend.UpDash.csproj", "{64E07ED6-6B50-456D-9587-6DDFC1D9C3E1}"
EndProject
Project("{9A19103F-16F7-4668-BE54-9A1E7A4F7556}") = "Discom.UP.Backend.UpDash.Comm", "..\Discom.UP.Backend.UpDash.Comm\Discom.UP.Backend.UpDash.Comm.csproj", "{888A9736-1A39-43EA-A9CD-6A4DE0DBE670}"
EndProject
Project("{9A19103F-16F7-4668-BE54-9A1E7A4F7556}") = "Discom.UP.Backend.UpDash.Rest", "..\Discom.UP.Backend.UpDash.Rest\Discom.UP.Backend.UpDash.Rest.csproj", "{3CF67D95-8179-46E7-9024-FF5FA42C2BB5}"
EndProject
Project("{FAE04EC0-301F-11D3-BF4B-00C04F79EFBC}") = "Discom.UP.Backend.UpDash.Base", "..\Discom.UP.Backend.UpDash.Base\Discom.UP.Backend.UpDash.Base.csproj", "{0AC6507F-C569-40ED-AA6B-968CA2D0B5AB}"
EndProject
Global
	GlobalSection(SolutionConfigurationPlatforms) = preSolution
		Debug|Any CPU = Debug|Any CPU
		Release|Any CPU = Release|Any CPU
	EndGlobalSection
	GlobalSection(ProjectConfigurationPlatforms) = postSolution
		{64E07ED6-6B50-456D-9587-6DDFC1D9C3E1}.Debug|Any CPU.ActiveCfg = Debug|Any CPU
		{64E07ED6-6B50-456D-9587-6DDFC1D9C3E1}.Debug|Any CPU.Build.0 = Debug|Any CPU
		{64E07ED6-6B50-456D-9587-6DDFC1D9C3E1}.Release|Any CPU.ActiveCfg = Release|Any CPU
		{64E07ED6-6B50-456D-9587-6DDFC1D9C3E1}.Release|Any CPU.Build.0 = Release|Any CPU
		{888A9736-1A39-43EA-A9CD-6A4DE0DBE670}.Debug|Any CPU.ActiveCfg = Debug|Any CPU
		{888A9736-1A39-43EA-A9CD-6A4DE0DBE670}.Debug|Any CPU.Build.0 = Debug|Any CPU
		{888A9736-1A39-43EA-A9CD-6A4DE0DBE670}.Release|Any CPU.ActiveCfg = Release|Any CPU
		{888A9736-1A39-43EA-A9CD-6A4DE0DBE670}.Release|Any CPU.Build.0 = Release|Any CPU
		{3CF67D95-8179-46E7-9024-FF5FA42C2BB5}.Debug|Any CPU.ActiveCfg = Debug|Any CPU
		{3CF67D95-8179-46E7-9024-FF5FA42C2BB5}.Debug|Any CPU.Build.0 = Debug|Any CPU
		{3CF67D95-8179-46E7-9024-FF5FA42C2BB5}.Release|Any CPU.ActiveCfg = Release|Any CPU
		{3CF67D95-8179-46E7-9024-FF5FA42C2BB5}.Release|Any CPU.Build.0 = Release|Any CPU
		{0AC6507F-C569-40ED-AA6B-968CA2D0B5AB}.Debug|Any CPU.ActiveCfg = Debug|Any CPU
		{0AC6507F-C569-40ED-AA6B-968CA2D0B5AB}.Debug|Any CPU.Build.0 = Debug|Any CPU
		{0AC6507F-C569-40ED-AA6B-968CA2D0B5AB}.Release|Any CPU.ActiveCfg = Release|Any CPU
		{0AC6507F-C569-40ED-AA6B-968CA2D0B5AB}.Release|Any CPU.Build.0 = Release|Any CPU
	EndGlobalSection
	GlobalSection(SolutionProperties) = preSolution
		HideSolutionNode = FALSE
	EndGlobalSection
	GlobalSection(ExtensibilityGlobals) = postSolution
		SolutionGuid = {052193E0-977D-436D-A490-8672DC2DFE36}
	EndGlobalSection
EndGlobal
